
Microsoft Visual Studio Solution File, Format Version 12.00
# Visual Studio Version 16
VisualStudioVersion = 16.0.34301.259
MinimumVisualStudioVersion = 10.0.40219.1
Project("{8BC9CEB8-8B4A-11D0-8D11-00A0C91BC942}") = "ddraw", "ddraw\ddraw.vcxproj", "{CEBB22EF-9E7E-4E39-97F3-06DA623E42BA}"
EndProject
Global
	GlobalSection(SolutionConfigurationPlatforms) = preSolution
		Debug|x64 = Debug|x64
		Debug|x86 = Debug|x86
		Release|x64 = Release|x64
		Release|x86 = Release|x86
	EndGlobalSection
	GlobalSection(ProjectConfigurationPlatforms) = postSolution
		{CEBB22EF-9E7E-4E39-97F3-06DA623E42BA}.Debug|x64.ActiveCfg = Debug|x64
		{CEBB22EF-9E7E-4E39-97F3-06DA623E42BA}.Debug|x64.Build.0 = Debug|x64
		{CEBB22EF-9E7E-4E39-97F3-06DA623E42BA}.Debug|x86.ActiveCfg = Debug|Win32
		{CEBB22EF-9E7E-4E39-97F3-06DA623E42BA}.Debug|x86.Build.0 = Debug|Win32
		{CEBB22EF-9E7E-4E39-97F3-06DA623E42BA}.Release|x64.ActiveCfg = Release|x64
		{CEBB22EF-9E7E-4E39-97F3-06DA623E42BA}.Release|x64.Build.0 = Release|x64
		{CEBB22EF-9E7E-4E39-97F3-06DA623E42BA}.Release|x86.ActiveCfg = Release|Win32
		{CEBB22EF-9E7E-4E39-97F3-06DA623E42BA}.Release|x86.Build.0 = Release|Win32
	EndGlobalSection
	GlobalSection(SolutionProperties) = preSolution
		HideSolutionNode = FALSE
	EndGlobalSection
	GlobalSection(ExtensibilityGlobals) = postSolution
		SolutionGuid = {AC40FDE8-AA1F-4C5F-9B7B-0F92CEA8A1E9}
	EndGlobalSection
EndGlobal
